{
  "name": "mcp-jira-notion",
  "version": "1.0.0",
  "lockfileVersion": 3,
  "requires": true,
  "packages": {
    "": {
      "name": "mcp-jira-notion",
      "version": "1.0.0",
      "license": "ISC",
      "workspaces": [
        "apps/*",
        "packages/*"
      ]
    },
    "apps/jira-mcp": {
      "version": "1.0.0",
      "license": "ISC",
      "dependencies": {
        "@repo/ai-core": "^1.0.0"
      }
    },
    "apps/notion-mcp": {
      "version": "1.0.0",
      "license": "ISC",
      "dependencies": {
        "@repo/ai-core": "^1.0.0"
      }
    },
    "node_modules/@repo/ai-core": {
      "resolved": "packages/ai-core",
      "link": true
    },
    "node_modules/jira-mcp": {
      "resolved": "apps/jira-mcp",
      "link": true
    },
    "node_modules/notion-mcp": {
      "resolved": "apps/notion-mcp",
      "link": true
    },
    "packages/ai-core": {
      "name": "@repo/ai-core",
      "version": "1.0.0"
    }
  }
}
